// !$*UTF8*$!
{
	archiveVersion = 1;
	classes = {
	};
	objectVersion = 55;
	objects = {

/* Begin PBXBuildFile section */
		CF2975F0276C1162004E88EE /* AppDelegate.swift in Sources */ = {isa = PBXBuildFile; fileRef = CF2975EF276C1162004E88EE /* AppDelegate.swift */; };
		CF2975F2276C1162004E88EE /* SceneDelegate.swift in Sources */ = {isa = PBXBuildFile; fileRef = CF2975F1276C1162004E88EE /* SceneDelegate.swift */; };
		CF2975F4276C1162004E88EE /* ViewController.swift in Sources */ = {isa = PBXBuildFile; fileRef = CF2975F3276C1162004E88EE /* ViewController.swift */; };
		CF2975F7276C1162004E88EE /* Main.storyboard in Resources */ = {isa = PBXBuildFile; fileRef = CF2975F5276C1162004E88EE /* Main.storyboard */; };
		CF2975F9276C1163004E88EE /* Assets.xcassets in Resources */ = {isa = PBXBuildFile; fileRef = CF2975F8276C1163004E88EE /* Assets.xcassets */; };
		CF2975FC276C1163004E88EE /* LaunchScreen.storyboard in Resources */ = {isa = PBXBuildFile; fileRef = CF2975FA276C1163004E88EE /* LaunchScreen.storyboard */; };
		CF297604276C8702004E88EE /* SubViewController.swift in Sources */ = {isa = PBXBuildFile; fileRef = CF297603276C8702004E88EE /* SubViewController.swift */; };
		CF6A31B0276D1A0600EFB095 /* GoogleService-Info.plist in Resources */ = {isa = PBXBuildFile; fileRef = CF6A31AF276D1A0600EFB095 /* GoogleService-Info.plist */; };
		CF6A31B2276D2BA100EFB095 /* CustomCell.swift in Sources */ = {isa = PBXBuildFile; fileRef = CF6A31B1276D2BA100EFB095 /* CustomCell.swift */; };
		CF6A31B4276D63B900EFB095 /* Task.swift in Sources */ = {isa = PBXBuildFile; fileRef = CF6A31B3276D63B900EFB095 /* Task.swift */; };
		CF6A31B6276D719800EFB095 /* TableViewController.swift in Sources */ = {isa = PBXBuildFile; fileRef = CF6A31B5276D719800EFB095 /* TableViewController.swift */; };
/* End PBXBuildFile section */

/* Begin PBXFileReference section */
		CF2975EC276C1162004E88EE /* BmiCalculator.app */ = {isa = PBXFileReference; explicitFileType = wrapper.application; includeInIndex = 0; path = BmiCalculator.app; sourceTree = BUILT_PRODUCTS_DIR; };
		CF2975EF276C1162004E88EE /* AppDelegate.swift */ = {isa = PBXFileReference; lastKnownFileType = sourcecode.swift; path = AppDelegate.swift; sourceTree = "<group>"; };
		CF2975F1276C1162004E88EE /* SceneDelegate.swift */ = {isa = PBXFileReference; lastKnownFileType = sourcecode.swift; path = SceneDelegate.swift; sourceTree = "<group>"; };
		CF2975F3276C1162004E88EE /* ViewController.swift */ = {isa = PBXFileReference; lastKnownFileType = sourcecode.swift; path = ViewController.swift; sourceTree = "<group>"; };
		CF2975F6276C1162004E88EE /* Base */ = {isa = PBXFileReference; lastKnownFileType = file.storyboard; name = Base; path = Base.lproj/Main.storyboard; sourceTree = "<group>"; };
		CF2975F8276C1163004E88EE /* Assets.xcassets */ = {isa = PBXFileReference; lastKnownFileType = folder.assetcatalog; path = Assets.xcassets; sourceTree = "<group>"; };
		CF2975FB276C1163004E88EE /* Base */ = {isa = PBXFileReference; lastKnownFileType = file.storyboard; name = Base; path = Base.lproj/LaunchScreen.storyboard; sourceTree = "<group>"; };
		CF2975FD276C1163004E88EE /* Info.plist */ = {isa = PBXFileReference; lastKnownFileType = text.plist.xml; path = Info.plist; sourceTree = "<group>"; };
		CF297603276C8702004E88EE /* SubViewController.swift */ = {isa = PBXFileReference; lastKnownFileType = sourcecode.swift; path = SubViewController.swift; sourceTree = "<group>"; };
		CF6A31AF276D1A0600EFB095 /* GoogleService-Info.plist */ = {isa = PBXFileReference; fileEncoding = 4; lastKnownFileType = text.plist.xml; name = "GoogleService-Info.plist"; path = "../../../../../Desktop/GoogleService-Info.plist"; sourceTree = "<group>"; };
		CF6A31B1276D2BA100EFB095 /* CustomCell.swift */ = {isa = PBXFileReference; lastKnownFileType = sourcecode.swift; path = CustomCell.swift; sourceTree = "<group>"; };
		CF6A31B3276D63B900EFB095 /* Task.swift */ = {isa = PBXFileReference; fileEncoding = 4; lastKnownFileType = sourcecode.swift; path = Task.swift; sourceTree = "<group>"; };
		CF6A31B5276D719800EFB095 /* TableViewController.swift */ = {isa = PBXFileReference; lastKnownFileType = sourcecode.swift; path = TableViewController.swift; sourceTree = "<group>"; };
/* End PBXFileReference section */

/* Begin PBXFrameworksBuildPhase section */
		CF2975E9276C1162004E88EE /* Frameworks */ = {
			isa = PBXFrameworksBuildPhase;
			buildActionMask = 2147483647;
			files = (
			);
			runOnlyForDeploymentPostprocessing = 0;
		};
/* End PBXFrameworksBuildPhase section */

/* Begin PBXGroup section */
		CF2975E3276C1162004E88EE = {
			isa = PBXGroup;
			children = (
				CF2975EE276C1162004E88EE /* BmiCalculator */,
				CF2975ED276C1162004E88EE /* Products */,
			);
			sourceTree = "<group>";
		};
		CF2975ED276C1162004E88EE /* Products */ = {
			isa = PBXGroup;
			children = (
				CF2975EC276C1162004E88EE /* BmiCalculator.app */,
			);
			name = Products;
			sourceTree = "<group>";
		};
		CF2975EE276C1162004E88EE /* BmiCalculator */ = {
			isa = PBXGroup;
			children = (
				CF2975EF276C1162004E88EE /* AppDelegate.swift */,
				CF2975F1276C1162004E88EE /* SceneDelegate.swift */,
				CF2975F3276C1162004E88EE /* ViewController.swift */,
				CF6A31B5276D719800EFB095 /* TableViewController.swift */,
				CF2975F5276C1162004E88EE /* Main.storyboard */,
				CF2975F8276C1163004E88EE /* Assets.xcassets */,
				CF2975FA276C1163004E88EE /* LaunchScreen.storyboard */,
				CF2975FD276C1163004E88EE /* Info.plist */,
				CF6A31AF276D1A0600EFB095 /* GoogleService-Info.plist */,
				CF6A31B3276D63B900EFB095 /* Task.swift */,
				CF297603276C8702004E88EE /* SubViewController.swift */,
				CF6A31B1276D2BA100EFB095 /* CustomCell.swift */,
			);
			path = BmiCalculator;
			sourceTree = "<group>";
		};
/* End PBXGroup section */

/* Begin PBXNativeTarget section */
		CF2975EB276C1162004E88EE /* BmiCalculator */ = {
			isa = PBXNativeTarget;
			buildConfigurationList = CF297600276C1163004E88EE /* Build configuration list for PBXNativeTarget "BmiCalculator" */;
			buildPhases = (
				CF2975E8276C1162004E88EE /* Sources */,
				CF2975E9276C1162004E88EE /* Frameworks */,
				CF2975EA276C1162004E88EE /* Resources */,
			);
			buildRules = (
			);
			dependencies = (
			);
			name = BmiCalculator;
			productName = BmiCalculator;
			productReference = CF2975EC276C1162004E88EE /* BmiCalculator.app */;
			productType = "com.apple.product-type.application";
		};
/* End PBXNativeTarget section */

/* Begin PBXProject section */
		CF2975E4276C1162004E88EE /* Project object */ = {
			isa = PBXProject;
			attributes = {
				BuildIndependentTargetsInParallel = 1;
				LastSwiftUpdateCheck = 1320;
				LastUpgradeCheck = 1320;
				TargetAttributes = {
					CF2975EB276C1162004E88EE = {
						CreatedOnToolsVersion = 13.2;
					};
				};
			};
			buildConfigurationList = CF2975E7276C1162004E88EE /* Build configuration list for PBXProject "BmiCalculator" */;
			compatibilityVersion = "Xcode 13.0";
			developmentRegion = en;
			hasScannedForEncodings = 0;
			knownRegions = (
				en,
				Base,
			);
			mainGroup = CF2975E3276C1162004E88EE;
			productRefGroup = CF2975ED276C1162004E88EE /* Products */;
			projectDirPath = "";
			projectRoot = "";
			targets = (
				CF2975EB276C1162004E88EE /* BmiCalculator */,
			);
		};
/* End PBXProject section */

/* Begin PBXResourcesBuildPhase section */
		CF2975EA276C1162004E88EE /* Resources */ = {
			isa = PBXResourcesBuildPhase;
			buildActionMask = 2147483647;
			files = (
				CF2975FC276C1163004E88EE /* LaunchScreen.storyboard in Resources */,
				CF6A31B0276D1A0600EFB095 /* GoogleService-Info.plist in Resources */,
				CF2975F9276C1163004E88EE /* Assets.xcassets in Resources */,
				CF2975F7276C1162004E88EE /* Main.storyboard in Resources */,
			);
			runOnlyForDeploymentPostprocessing = 0;
		};
/* End PBXResourcesBuildPhase section */

/* Begin PBXSourcesBuildPhase section */
		CF2975E8276C1162004E88EE /* Sources */ = {
			isa = PBXSourcesBuildPhase;
			buildActionMask = 2147483647;
			files = (
				CF2975F4276C1162004E88EE /* ViewController.swift in Sources */,
				CF6A31B6276D719800EFB095 /* TableViewController.swift in Sources */,
				CF2975F0276C1162004E88EE /* AppDelegate.swift in Sources */,
				CF6A31B2276D2BA100EFB095 /* CustomCell.swift in Sources */,
				CF2975F2276C1162004E88EE /* SceneDelegate.swift in Sources */,
				CF6A31B4276D63B900EFB095 /* Task.swift in Sources */,
				CF297604276C8702004E88EE /* SubViewController.swift in Sources */,
			);
			runOnlyForDeploymentPostprocessing = 0;
		};
/* End PBXSourcesBuildPhase section */

/* Begin PBXVariantGroup section */
		CF2975F5276C1162004E88EE /* Main.storyboard */ = {
			isa = PBXVariantGroup;
			children = (
				CF2975F6276C1162004E88EE /* Base */,
			);
			name = Main.storyboard;
			sourceTree = "<group>";
		};
		CF2975FA276C1163004E88EE /* LaunchScreen.storyboard */ = {
			isa = PBXVariantGroup;
			children = (
				CF2975FB276C1163004E88EE /* Base */,
			);
			name = LaunchScreen.storyboard;
			sourceTree = "<group>";
		};
/* End PBXVariantGroup section */

/* Begin XCBuildConfiguration section */
		CF2975FE276C1163004E88EE /* Debug */ = {
			isa = XCBuildConfiguration;
			buildSettings = {
				ALWAYS_SEARCH_USER_PATHS = NO;
				CLANG_ANALYZER_NONNULL = YES;
				CLANG_ANALYZER_NUMBER_OBJECT_CONVERSION = YES_AGGRESSIVE;
				CLANG_CXX_LANGUAGE_STANDARD = "gnu++17";
				CLANG_CXX_LIBRARY = "libc++";
				CLANG_ENABLE_MODULES = YES;
				CLANG_ENABLE_OBJC_ARC = YES;
				CLANG_ENABLE_OBJC_WEAK = YES;
				CLANG_WARN_BLOCK_CAPTURE_AUTORELEASING = YES;
				CLANG_WARN_BOOL_CONVERSION = YES;
				CLANG_WARN_COMMA = YES;
				CLANG_WARN_CONSTANT_CONVERSION = YES;
				CLANG_WARN_DEPRECATED_OBJC_IMPLEMENTATIONS = YES;
				CLANG_WARN_DIRECT_OBJC_ISA_USAGE = YES_ERROR;
				CLANG_WARN_DOCUMENTATION_COMMENTS = YES;
				CLANG_WARN_EMPTY_BODY = YES;
				CLANG_WARN_ENUM_CONVERSION = YES;
				CLANG_WARN_INFINITE_RECURSION = YES;
				CLANG_WARN_INT_CONVERSION = YES;
				CLANG_WARN_NON_LITERAL_NULL_CONVERSION = YES;
				CLANG_WARN_OBJC_IMPLICIT_RETAIN_SELF = YES;
				CLANG_WARN_OBJC_LITERAL_CONVERSION = YES;
				CLANG_WARN_OBJC_ROOT_CLASS = YES_ERROR;
				CLANG_WARN_QUOTED_INCLUDE_IN_FRAMEWORK_HEADER = YES;
				CLANG_WARN_RANGE_LOOP_ANALYSIS = YES;
				CLANG_WARN_STRICT_PROTOTYPES = YES;
				CLANG_WARN_SUSPICIOUS_MOVE = YES;
				CLANG_WARN_UNGUARDED_AVAILABILITY = YES_AGGRESSIVE;
				CLANG_WARN_UNREACHABLE_CODE = YES;
				CLANG_WARN__DUPLICATE_METHOD_MATCH = YES;
				COPY_PHASE_STRIP = NO;
				DEBUG_INFORMATION_FORMAT = dwarf;
				ENABLE_STRICT_OBJC_MSGSEND = YES;
				ENABLE_TESTABILITY = YES;
				GCC_C_LANGUAGE_STANDARD = gnu11;
				GCC_DYNAMIC_NO_PIC = NO;
				GCC_NO_COMMON_BLOCKS = YES;
				GCC_OPTIMIZATION_LEVEL = 0;
				GCC_PREPROCESSOR_DEFINITIONS = (
					"DEBUG=1",
					"$(inherited)",
				);
				GCC_WARN_64_TO_32_BIT_CONVERSION = YES;
				GCC_WARN_ABOUT_RETURN_TYPE = YES_ERROR;
				GCC_WARN_UNDECLARED_SELECTOR = YES;
				GCC_WARN_UNINITIALIZED_AUTOS = YES_AGGRESSIVE;
				GCC_WARN_UNUSED_FUNCTION = YES;
				GCC_WARN_UNUSED_VARIABLE = YES;
				IPHONEOS_DEPLOYMENT_TARGET = 15.2;
				MTL_ENABLE_DEBUG_INFO = INCLUDE_SOURCE;
				MTL_FAST_MATH = YES;
				ONLY_ACTIVE_ARCH = YES;
				SDKROOT = iphoneos;
				SWIFT_ACTIVE_COMPILATION_CONDITIONS = DEBUG;
				SWIFT_OPTIMIZATION_LEVEL = "-Onone";
			};
			name = Debug;
		};
		CF2975FF276C1163004E88EE /* Release */ = {
			isa = XCBuildConfiguration;
			buildSettings = {
				ALWAYS_SEARCH_USER_PATHS = NO;
				CLANG_ANALYZER_NONNULL = YES;
				CLANG_ANALYZER_NUMBER_OBJECT_CONVERSION = YES_AGGRESSIVE;
				CLANG_CXX_LANGUAGE_STANDARD = "gnu++17";
				CLANG_CXX_LIBRARY = "libc++";
				CLANG_ENABLE_MODULES = YES;
				CLANG_ENABLE_OBJC_ARC = YES;
				CLANG_ENABLE_OBJC_WEAK = YES;
				CLANG_WARN_BLOCK_CAPTURE_AUTORELEASING = YES;
				CLANG_WARN_BOOL_CONVERSION = YES;
				CLANG_WARN_COMMA = YES;
				CLANG_WARN_CONSTANT_CONVERSION = YES;
				CLANG_WARN_DEPRECATED_OBJC_IMPLEMENTATIONS = YES;
				CLANG_WARN_DIRECT_OBJC_ISA_USAGE = YES_ERROR;
				CLANG_WARN_DOCUMENTATION_COMMENTS = YES;
				CLANG_WARN_EMPTY_BODY = YES;
				CLANG_WARN_ENUM_CONVERSION = YES;
				CLANG_WARN_INFINITE_RECURSION = YES;
				CLANG_WARN_INT_CONVERSION = YES;
				CLANG_WARN_NON_LITERAL_NULL_CONVERSION = YES;
				CLANG_WARN_OBJC_IMPLICIT_RETAIN_SELF = YES;
				CLANG_WARN_OBJC_LITERAL_CONVERSION = YES;
				CLANG_WARN_OBJC_ROOT_CLASS = YES_ERROR;
				CLANG_WARN_QUOTED_INCLUDE_IN_FRAMEWORK_HEADER = YES;
				CLANG_WARN_RANGE_LOOP_ANALYSIS = YES;
				CLANG_WARN_STRICT_PROTOTYPES = YES;
				CLANG_WARN_SUSPICIOUS_MOVE = YES;
				CLANG_WARN_UNGUARDED_AVAILABILITY = YES_AGGRESSIVE;
				CLANG_WARN_UNREACHABLE_CODE = YES;
				CLANG_WARN__DUPLICATE_METHOD_MATCH = YES;
				COPY_PHASE_STRIP = NO;
				DEBUG_INFORMATION_FORMAT = "dwarf-with-dsym";
				ENABLE_NS_ASSERTIONS = NO;
				ENABLE_STRICT_OBJC_MSGSEND = YES;
				GCC_C_LANGUAGE_STANDARD = gnu11;
				GCC_NO_COMMON_BLOCKS = YES;
				GCC_WARN_64_TO_32_BIT_CONVERSION = YES;
				GCC_WARN_ABOUT_RETURN_TYPE = YES_ERROR;
				GCC_WARN_UNDECLARED_SELECTOR = YES;
				GCC_WARN_UNINITIALIZED_AUTOS = YES_AGGRESSIVE;
				GCC_WARN_UNUSED_FUNCTION = YES;
				GCC_WARN_UNUSED_VARIABLE = YES;
				IPHONEOS_DEPLOYMENT_TARGET = 15.2;
				MTL_ENABLE_DEBUG_INFO = NO;
				MTL_FAST_MATH = YES;
				SDKROOT = iphoneos;
				SWIFT_COMPILATION_MODE = wholemodule;
				SWIFT_OPTIMIZATION_LEVEL = "-O";
				VALIDATE_PRODUCT = YES;
			};
			name = Release;
		};
		CF297601276C1163004E88EE /* Debug */ = {
			isa = XCBuildConfiguration;
			buildSettings = {
				ASSETCATALOG_COMPILER_APPICON_NAME = AppIcon;
				ASSETCATALOG_COMPILER_GLOBAL_ACCENT_COLOR_NAME = AccentColor;
				CODE_SIGN_STYLE = Automatic;
				CURRENT_PROJECT_VERSION = 1;
				DEVELOPMENT_TEAM = C9C4UC8NM6;
				GENERATE_INFOPLIST_FILE = YES;
				INFOPLIST_FILE = BmiCalculator/Info.plist;
				INFOPLIST_KEY_UIApplicationSupportsIndirectInputEvents = YES;
				INFOPLIST_KEY_UILaunchStoryboardName = LaunchScreen;
				INFOPLIST_KEY_UIMainStoryboardFile = Main;
				INFOPLIST_KEY_UISupportedInterfaceOrientations = UIInterfaceOrientationPortrait;
				INFOPLIST_KEY_UISupportedInterfaceOrientations_iPad = "UIInterfaceOrientationPortrait UIInterfaceOrientationPortraitUpsideDown UIInterfaceOrientationLandscapeLeft UIInterfaceOrientationLandscapeRight";
				INFOPLIST_KEY_UISupportedInterfaceOrientations_iPhone = "UIInterfaceOrientationPortrait UIInterfaceOrientationLandscapeLeft UIInterfaceOrientationLandscapeRight";
				LD_RUNPATH_SEARCH_PATHS = (
					"$(inherited)",
					"@executable_path/Frameworks",
				);
				MARKETING_VERSION = 1.0;
				PRODUCT_BUNDLE_IDENTIFIER = KitoriWorks.centennialcollege.BmiCalculator;
				PRODUCT_NAME = "$(TARGET_NAME)";
				SWIFT_EMIT_LOC_STRINGS = YES;
				SWIFT_VERSION = 5.0;
				TARGETED_DEVICE_FAMILY = 1;
			};
			name = Debug;
		};
		CF297602276C1163004E88EE /* Release */ = {
			isa = XCBuildConfiguration;
			buildSettings = {
				ASSETCATALOG_COMPILER_APPICON_NAME = AppIcon;
				ASSETCATALOG_COMPILER_GLOBAL_ACCENT_COLOR_NAME = AccentColor;
				CODE_SIGN_STYLE = Automatic;
				CURRENT_PROJECT_VERSION = 1;
				DEVELOPMENT_TEAM = C9C4UC8NM6;
				GENERATE_INFOPLIST_FILE = YES;
				INFOPLIST_FILE = BmiCalculator/Info.plist;
				INFOPLIST_KEY_UIApplicationSupportsIndirectInputEvents = YES;
				INFOPLIST_KEY_UILaunchStoryboardName = LaunchScreen;
				INFOPLIST_KEY_UIMainStoryboardFile = Main;
				INFOPLIST_KEY_UISupportedInterfaceOrientations = UIInterfaceOrientationPortrait;
				INFOPLIST_KEY_UISupportedInterfaceOrientations_iPad = "UIInterfaceOrientationPortrait UIInterfaceOrientationPortraitUpsideDown UIInterfaceOrientationLandscapeLeft UIInterfaceOrientationLandscapeRight";
				INFOPLIST_KEY_UISupportedInterfaceOrientations_iPhone = "UIInterfaceOrientationPortrait UIInterfaceOrientationLandscapeLeft UIInterfaceOrientationLandscapeRight";
				LD_RUNPATH_SEARCH_PATHS = (
					"$(inherited)",
					"@executable_path/Frameworks",
				);
				MARKETING_VERSION = 1.0;
				PRODUCT_BUNDLE_IDENTIFIER = KitoriWorks.centennialcollege.BmiCalculator;
				PRODUCT_NAME = "$(TARGET_NAME)";
				SWIFT_EMIT_LOC_STRINGS = YES;
				SWIFT_VERSION = 5.0;
				TARGETED_DEVICE_FAMILY = 1;
			};
			name = Release;
		};
/* End XCBuildConfiguration section */

/* Begin XCConfigurationList section */
		CF2975E7276C1162004E88EE /* Build configuration list for PBXProject "BmiCalculator" */ = {
			isa = XCConfigurationList;
			buildConfigurations = (
				CF2975FE276C1163004E88EE /* Debug */,
				CF2975FF276C1163004E88EE /* Release */,
			);
			defaultConfigurationIsVisible = 0;
			defaultConfigurationName = Release;
		};
		CF297600276C1163004E88EE /* Build configuration list for PBXNativeTarget "BmiCalculator" */ = {
			isa = XCConfigurationList;
			buildConfigurations = (
				CF297601276C1163004E88EE /* Debug */,
				CF297602276C1163004E88EE /* Release */,
			);
			defaultConfigurationIsVisible = 0;
			defaultConfigurationName = Release;
		};
/* End XCConfigurationList section */
	};
	rootObject = CF2975E4276C1162004E88EE /* Project object */;
}
